
Microsoft Visual Studio Solution File, Format Version 12.00
# Visual Studio Version 16
VisualStudioVersion = 16.0.28803.156
MinimumVisualStudioVersion = 10.0.40219.1
Project("{9A19103F-16F7-4668-BE54-9A1E7A4F7556}") = "SmartFormat", "SmartFormat\SmartFormat.csproj", "{948084ED-DFA5-4588-B05F-ECF8CC98CBE3}"
EndProject
Project("{9A19103F-16F7-4668-BE54-9A1E7A4F7556}") = "SmartFormat.Tests", "SmartFormat.Tests\SmartFormat.Tests.csproj", "{FF479926-FA9A-4517-8B3C-94BC580EABE7}"
EndProject
Project("{9A19103F-16F7-4668-BE54-9A1E7A4F7556}") = "Performance", "Performance\Performance.csproj", "{1CBF9BEB-1B93-4431-A2DF-AD04F65F32D8}"
EndProject
Project("{9A19103F-16F7-4668-BE54-9A1E7A4F7556}") = "Demo", "Demo\Demo.csproj", "{5DD224D6-9823-4359-9D4F-307E1F3659E5}"
EndProject
Project("{9A19103F-16F7-4668-BE54-9A1E7A4F7556}") = "Demo.NetFramework", "Demo.NetFramework\Demo.NetFramework.csproj", "{81031322-4BB1-4EE3-A3E7-964009EABF0E}"
EndProject
Project("{9A19103F-16F7-4668-BE54-9A1E7A4F7556}") = "Performance_v27", "Performance_v27\Performance_v27.csproj", "{4F888B7B-CDC1-495C-B054-93E5895AC05F}"
EndProject
Project("{9A19103F-16F7-4668-BE54-9A1E7A4F7556}") = "SmartFormat.ZString", "SmartFormat.ZString\SmartFormat.ZString.csproj", "{EB7A44EC-24CD-409B-8F0A-2FFCD2D25685}"
EndProject
Global
	GlobalSection(SolutionConfigurationPlatforms) = preSolution
		Debug|Any CPU = Debug|Any CPU
		Debug|x86 = Debug|x86
		Release|Any CPU = Release|Any CPU
		Release|x86 = Release|x86
	EndGlobalSection
	GlobalSection(ProjectConfigurationPlatforms) = postSolution
		{948084ED-DFA5-4588-B05F-ECF8CC98CBE3}.Debug|Any CPU.ActiveCfg = Debug|Any CPU
		{948084ED-DFA5-4588-B05F-ECF8CC98CBE3}.Debug|Any CPU.Build.0 = Debug|Any CPU
		{948084ED-DFA5-4588-B05F-ECF8CC98CBE3}.Debug|x86.ActiveCfg = Debug|Any CPU
		{948084ED-DFA5-4588-B05F-ECF8CC98CBE3}.Debug|x86.Build.0 = Debug|Any CPU
		{948084ED-DFA5-4588-B05F-ECF8CC98CBE3}.Release|Any CPU.ActiveCfg = Release|Any CPU
		{948084ED-DFA5-4588-B05F-ECF8CC98CBE3}.Release|Any CPU.Build.0 = Release|Any CPU
		{948084ED-DFA5-4588-B05F-ECF8CC98CBE3}.Release|x86.ActiveCfg = Release|Any CPU
		{948084ED-DFA5-4588-B05F-ECF8CC98CBE3}.Release|x86.Build.0 = Release|Any CPU
		{FF479926-FA9A-4517-8B3C-94BC580EABE7}.Debug|Any CPU.ActiveCfg = Debug|Any CPU
		{FF479926-FA9A-4517-8B3C-94BC580EABE7}.Debug|Any CPU.Build.0 = Debug|Any CPU
		{FF479926-FA9A-4517-8B3C-94BC580EABE7}.Debug|x86.ActiveCfg = Debug|Any CPU
		{FF479926-FA9A-4517-8B3C-94BC580EABE7}.Debug|x86.Build.0 = Debug|Any CPU
		{FF479926-FA9A-4517-8B3C-94BC580EABE7}.Release|Any CPU.ActiveCfg = Release|Any CPU
		{FF479926-FA9A-4517-8B3C-94BC580EABE7}.Release|Any CPU.Build.0 = Release|Any CPU
		{FF479926-FA9A-4517-8B3C-94BC580EABE7}.Release|x86.ActiveCfg = Release|Any CPU
		{FF479926-FA9A-4517-8B3C-94BC580EABE7}.Release|x86.Build.0 = Release|Any CPU
		{1CBF9BEB-1B93-4431-A2DF-AD04F65F32D8}.Debug|Any CPU.ActiveCfg = Debug|Any CPU
		{1CBF9BEB-1B93-4431-A2DF-AD04F65F32D8}.Debug|Any CPU.Build.0 = Debug|Any CPU
		{1CBF9BEB-1B93-4431-A2DF-AD04F65F32D8}.Debug|x86.ActiveCfg = Debug|Any CPU
		{1CBF9BEB-1B93-4431-A2DF-AD04F65F32D8}.Debug|x86.Build.0 = Debug|Any CPU
		{1CBF9BEB-1B93-4431-A2DF-AD04F65F32D8}.Release|Any CPU.ActiveCfg = Release|Any CPU
		{1CBF9BEB-1B93-4431-A2DF-AD04F65F32D8}.Release|Any CPU.Build.0 = Release|Any CPU
		{1CBF9BEB-1B93-4431-A2DF-AD04F65F32D8}.Release|x86.ActiveCfg = Release|Any CPU
		{1CBF9BEB-1B93-4431-A2DF-AD04F65F32D8}.Release|x86.Build.0 = Release|Any CPU
		{5DD224D6-9823-4359-9D4F-307E1F3659E5}.Debug|Any CPU.ActiveCfg = Debug|Any CPU
		{5DD224D6-9823-4359-9D4F-307E1F3659E5}.Debug|Any CPU.Build.0 = Debug|Any CPU
		{5DD224D6-9823-4359-9D4F-307E1F3659E5}.Debug|x86.ActiveCfg = Debug|Any CPU
		{5DD224D6-9823-4359-9D4F-307E1F3659E5}.Debug|x86.Build.0 = Debug|Any CPU
		{5DD224D6-9823-4359-9D4F-307E1F3659E5}.Release|Any CPU.ActiveCfg = Release|Any CPU
		{5DD224D6-9823-4359-9D4F-307E1F3659E5}.Release|Any CPU.Build.0 = Release|Any CPU
		{5DD224D6-9823-4359-9D4F-307E1F3659E5}.Release|x86.ActiveCfg = Release|Any CPU
		{5DD224D6-9823-4359-9D4F-307E1F3659E5}.Release|x86.Build.0 = Release|Any CPU
		{81031322-4BB1-4EE3-A3E7-964009EABF0E}.Debug|Any CPU.ActiveCfg = Debug|Any CPU
		{81031322-4BB1-4EE3-A3E7-964009EABF0E}.Debug|Any CPU.Build.0 = Debug|Any CPU
		{81031322-4BB1-4EE3-A3E7-964009EABF0E}.Debug|x86.ActiveCfg = Debug|Any CPU
		{81031322-4BB1-4EE3-A3E7-964009EABF0E}.Debug|x86.Build.0 = Debug|Any CPU
		{81031322-4BB1-4EE3-A3E7-964009EABF0E}.Release|Any CPU.ActiveCfg = Release|Any CPU
		{81031322-4BB1-4EE3-A3E7-964009EABF0E}.Release|Any CPU.Build.0 = Release|Any CPU
		{81031322-4BB1-4EE3-A3E7-964009EABF0E}.Release|x86.ActiveCfg = Release|Any CPU
		{81031322-4BB1-4EE3-A3E7-964009EABF0E}.Release|x86.Build.0 = Release|Any CPU
		{4F888B7B-CDC1-495C-B054-93E5895AC05F}.Debug|Any CPU.ActiveCfg = Debug|Any CPU
		{4F888B7B-CDC1-495C-B054-93E5895AC05F}.Debug|Any CPU.Build.0 = Debug|Any CPU
		{4F888B7B-CDC1-495C-B054-93E5895AC05F}.Debug|x86.ActiveCfg = Debug|Any CPU
		{4F888B7B-CDC1-495C-B054-93E5895AC05F}.Debug|x86.Build.0 = Debug|Any CPU
		{4F888B7B-CDC1-495C-B054-93E5895AC05F}.Release|Any CPU.ActiveCfg = Release|Any CPU
		{4F888B7B-CDC1-495C-B054-93E5895AC05F}.Release|Any CPU.Build.0 = Release|Any CPU
		{4F888B7B-CDC1-495C-B054-93E5895AC05F}.Release|x86.ActiveCfg = Release|Any CPU
		{4F888B7B-CDC1-495C-B054-93E5895AC05F}.Release|x86.Build.0 = Release|Any CPU
		{EB7A44EC-24CD-409B-8F0A-2FFCD2D25685}.Debug|Any CPU.ActiveCfg = Debug|Any CPU
		{EB7A44EC-24CD-409B-8F0A-2FFCD2D25685}.Debug|Any CPU.Build.0 = Debug|Any CPU
		{EB7A44EC-24CD-409B-8F0A-2FFCD2D25685}.Debug|x86.ActiveCfg = Debug|Any CPU
		{EB7A44EC-24CD-409B-8F0A-2FFCD2D25685}.Debug|x86.Build.0 = Debug|Any CPU
		{EB7A44EC-24CD-409B-8F0A-2FFCD2D25685}.Release|Any CPU.ActiveCfg = Release|Any CPU
		{EB7A44EC-24CD-409B-8F0A-2FFCD2D25685}.Release|Any CPU.Build.0 = Release|Any CPU
		{EB7A44EC-24CD-409B-8F0A-2FFCD2D25685}.Release|x86.ActiveCfg = Release|Any CPU
		{EB7A44EC-24CD-409B-8F0A-2FFCD2D25685}.Release|x86.Build.0 = Release|Any CPU
	EndGlobalSection
	GlobalSection(SolutionProperties) = preSolution
		HideSolutionNode = FALSE
	EndGlobalSection
	GlobalSection(ExtensibilityGlobals) = postSolution
		SolutionGuid = {61EFB534-9D0D-418C-81C6-80579D79CA53}
	EndGlobalSection
EndGlobal
