
Microsoft Visual Studio Solution File, Format Version 12.00
# Visual Studio 15
VisualStudioVersion = 15.0.27130.2024
MinimumVisualStudioVersion = 10.0.40219.1
Project("{9A19103F-16F7-4668-BE54-9A1E7A4F7556}") = "SmartFormat.NetStandard", "SmartFormat\SmartFormat.NetStandard.csproj", "{948084ED-DFA5-4588-B05F-ECF8CC98CBE3}"
EndProject
Project("{9A19103F-16F7-4668-BE54-9A1E7A4F7556}") = "SmartFormat.Tests.FxCore", "SmartFormat.Tests\SmartFormat.Tests.FxCore.csproj", "{FF479926-FA9A-4517-8B3C-94BC580EABE7}"
EndProject
Global
	GlobalSection(SolutionConfigurationPlatforms) = preSolution
		Debug|Any CPU = Debug|Any CPU
		Debug|x86 = Debug|x86
		Release|Any CPU = Release|Any CPU
		Release|x86 = Release|x86
	EndGlobalSection
	GlobalSection(ProjectConfigurationPlatforms) = postSolution
		{948084ED-DFA5-4588-B05F-ECF8CC98CBE3}.Debug|Any CPU.ActiveCfg = Debug|Any CPU
		{948084ED-DFA5-4588-B05F-ECF8CC98CBE3}.Debug|Any CPU.Build.0 = Debug|Any CPU
		{948084ED-DFA5-4588-B05F-ECF8CC98CBE3}.Debug|x86.ActiveCfg = Debug|Any CPU
		{948084ED-DFA5-4588-B05F-ECF8CC98CBE3}.Debug|x86.Build.0 = Debug|Any CPU
		{948084ED-DFA5-4588-B05F-ECF8CC98CBE3}.Release|Any CPU.ActiveCfg = Release|Any CPU
		{948084ED-DFA5-4588-B05F-ECF8CC98CBE3}.Release|Any CPU.Build.0 = Release|Any CPU
		{948084ED-DFA5-4588-B05F-ECF8CC98CBE3}.Release|x86.ActiveCfg = Release|Any CPU
		{948084ED-DFA5-4588-B05F-ECF8CC98CBE3}.Release|x86.Build.0 = Release|Any CPU
		{FF479926-FA9A-4517-8B3C-94BC580EABE7}.Debug|Any CPU.ActiveCfg = Debug|Any CPU
		{FF479926-FA9A-4517-8B3C-94BC580EABE7}.Debug|Any CPU.Build.0 = Debug|Any CPU
		{FF479926-FA9A-4517-8B3C-94BC580EABE7}.Debug|x86.ActiveCfg = Debug|Any CPU
		{FF479926-FA9A-4517-8B3C-94BC580EABE7}.Debug|x86.Build.0 = Debug|Any CPU
		{FF479926-FA9A-4517-8B3C-94BC580EABE7}.Release|Any CPU.ActiveCfg = Release|Any CPU
		{FF479926-FA9A-4517-8B3C-94BC580EABE7}.Release|Any CPU.Build.0 = Release|Any CPU
		{FF479926-FA9A-4517-8B3C-94BC580EABE7}.Release|x86.ActiveCfg = Release|Any CPU
		{FF479926-FA9A-4517-8B3C-94BC580EABE7}.Release|x86.Build.0 = Release|Any CPU
	EndGlobalSection
	GlobalSection(SolutionProperties) = preSolution
		HideSolutionNode = FALSE
	EndGlobalSection
	GlobalSection(ExtensibilityGlobals) = postSolution
		SolutionGuid = {61EFB534-9D0D-418C-81C6-80579D79CA53}
	EndGlobalSection
EndGlobal
